GEM
  remote: https://rubygems.org/
  specs:
    rack (3.2.5)
    rake (13.3.1)

PLATFORMS
  ruby

DEPENDENCIES
  rack (~> 3.0)
  rake (~> 13.0)

CHECKSUMS
  rack (3.2.5) sha256=4cbd0974c0b79f7a139b4812004a62e4c60b145cba76422e288ee670601ed6d3
  rake (13.3.1) sha256=8c9e89d09f66a26a01264e7e3480ec0607f0c497a861ef16063604b1b08eb19c

BUNDLED WITH
   2.7.2
